
Microsoft Visual Studio Solution File, Format Version 12.00
# Visual Studio Version 16
VisualStudioVersion = 16.0.30114.105
MinimumVisualStudioVersion = 10.0.40219.1
Project("{9A19103F-16F7-4668-BE54-9A1E7A4F7556}") = "SensorQualityEvaluator", "SensorQualityEvaluator\SensorQualityEvaluator.csproj", "{4230A57E-F394-4909-BF45-89E6190EB538}"
EndProject
Project("{FAE04EC0-301F-11D3-BF4B-00C04F79EFBC}") = "SensorQuality", "SensorQuality\SensorQuality.csproj", "{20F349EC-9ADF-41CC-B6CC-88A511F3B528}"
EndProject
Global
	GlobalSection(SolutionConfigurationPlatforms) = preSolution
		Debug|Any CPU = Debug|Any CPU
		Release|Any CPU = Release|Any CPU
	EndGlobalSection
	GlobalSection(ProjectConfigurationPlatforms) = postSolution
		{4230A57E-F394-4909-BF45-89E6190EB538}.Debug|Any CPU.ActiveCfg = Debug|Any CPU
		{4230A57E-F394-4909-BF45-89E6190EB538}.Debug|Any CPU.Build.0 = Debug|Any CPU
		{4230A57E-F394-4909-BF45-89E6190EB538}.Release|Any CPU.ActiveCfg = Release|Any CPU
		{4230A57E-F394-4909-BF45-89E6190EB538}.Release|Any CPU.Build.0 = Release|Any CPU
		{20F349EC-9ADF-41CC-B6CC-88A511F3B528}.Debug|Any CPU.ActiveCfg = Debug|Any CPU
		{20F349EC-9ADF-41CC-B6CC-88A511F3B528}.Debug|Any CPU.Build.0 = Debug|Any CPU
		{20F349EC-9ADF-41CC-B6CC-88A511F3B528}.Release|Any CPU.ActiveCfg = Release|Any CPU
		{20F349EC-9ADF-41CC-B6CC-88A511F3B528}.Release|Any CPU.Build.0 = Release|Any CPU
	EndGlobalSection
	GlobalSection(SolutionProperties) = preSolution
		HideSolutionNode = FALSE
	EndGlobalSection
	GlobalSection(ExtensibilityGlobals) = postSolution
		SolutionGuid = {55BE4CC8-DA8D-4694-8254-6AF3592F691D}
	EndGlobalSection
EndGlobal
